{
  "version": "5",
  "specifiers": {
    "jsr:@marianmeres/design-tokens@1": "1.9.0",
    "jsr:@marianmeres/vanilla@^1.8.0": "1.8.0",
    "jsr:@std/assert@1": "1.0.19",
    "jsr:@std/internal@^1.0.12": "1.0.14"
  },
  "jsr": {
    "@marianmeres/design-tokens@1.9.0": {
      "integrity": "19c3c71e3873f927b7c814c7f7375b9e29c8bc08d36151e2ba298064c0d51b5a"
    },
    "@marianmeres/vanilla@1.8.0": {
      "integrity": "433df0c48f939742b5f8ec41071d9a2cede7757dc09279872171b5c5c615fa44"
    },
    "@std/assert@1.0.19": {
      "integrity": "eaada96ee120cb980bc47e040f82814d786fe8162ecc53c91d8df60b8755991e",
      "dependencies": [
        "jsr:@std/internal"
      ]
    },
    "@std/internal@1.0.14": {
      "integrity": "291516b3d4c35024d6ffbc0a9df5bf4c64116e05b50012cf846710152d2ffdf7"
    }
  },
  "workspace": {
    "dependencies": [
      "jsr:@marianmeres/design-tokens@1",
      "jsr:@marianmeres/npmbuild@1",
      "jsr:@marianmeres/vanilla@^1.8.0",
      "jsr:@std/assert@1"
    ]
  }
}
